
Microsoft Visual Studio Solution File, Format Version 12.00
# Visual Studio Version 17
VisualStudioVersion = 17.4.33403.182
MinimumVisualStudioVersion = 10.0.40219.1
Project("{FAE04EC0-301F-11D3-BF4B-00C04F79EFBC}") = "indProectAnohina", "indProectAnohina.csproj", "{D014E2FD-9027-44C3-BC84-101777D179E9}"
EndProject
Global
	GlobalSection(SolutionConfigurationPlatforms) = preSolution
		Debug|Any CPU = Debug|Any CPU
		Release|Any CPU = Release|Any CPU
	EndGlobalSection
	GlobalSection(ProjectConfigurationPlatforms) = postSolution
		{D014E2FD-9027-44C3-BC84-101777D179E9}.Debug|Any CPU.ActiveCfg = Debug|Any CPU
		{D014E2FD-9027-44C3-BC84-101777D179E9}.Debug|Any CPU.Build.0 = Debug|Any CPU
		{D014E2FD-9027-44C3-BC84-101777D179E9}.Release|Any CPU.ActiveCfg = Release|Any CPU
		{D014E2FD-9027-44C3-BC84-101777D179E9}.Release|Any CPU.Build.0 = Release|Any CPU
	EndGlobalSection
	GlobalSection(SolutionProperties) = preSolution
		HideSolutionNode = FALSE
	EndGlobalSection
	GlobalSection(ExtensibilityGlobals) = postSolution
		SolutionGuid = {637C6A85-B6D4-48CA-BD47-DEE37F87FD0A}
	EndGlobalSection
EndGlobal
